
Microsoft Visual Studio Solution File, Format Version 12.00
# Visual Studio Version 17
VisualStudioVersion = 17.5.33414.496
MinimumVisualStudioVersion = 10.0.40219.1
Project("{9A19103F-16F7-4668-BE54-9A1E7A4F7556}") = "MiniTodo", "MiniTodo.csproj", "{0806E5C1-82CE-42AB-8952-4E4F02B19394}"
EndProject
Global
	GlobalSection(SolutionConfigurationPlatforms) = preSolution
		Debug|Any CPU = Debug|Any CPU
		Release|Any CPU = Release|Any CPU
	EndGlobalSection
	GlobalSection(ProjectConfigurationPlatforms) = postSolution
		{0806E5C1-82CE-42AB-8952-4E4F02B19394}.Debug|Any CPU.ActiveCfg = Debug|Any CPU
		{0806E5C1-82CE-42AB-8952-4E4F02B19394}.Debug|Any CPU.Build.0 = Debug|Any CPU
		{0806E5C1-82CE-42AB-8952-4E4F02B19394}.Release|Any CPU.ActiveCfg = Release|Any CPU
		{0806E5C1-82CE-42AB-8952-4E4F02B19394}.Release|Any CPU.Build.0 = Release|Any CPU
	EndGlobalSection
	GlobalSection(SolutionProperties) = preSolution
		HideSolutionNode = FALSE
	EndGlobalSection
	GlobalSection(ExtensibilityGlobals) = postSolution
		SolutionGuid = {23F96542-E89A-4E80-BC45-5408776EEC33}
	EndGlobalSection
EndGlobal
